
Microsoft Visual Studio Solution File, Format Version 12.00
# Visual Studio Version 17
VisualStudioVersion = 17.8.34330.188
MinimumVisualStudioVersion = 10.0.40219.1
Project("{2150E333-8FDC-42A3-9474-1A3956D46DE8}") = "Source", "Source", "{2AE78F90-D3B9-4D2D-9C4F-2C358E40C84C}"
EndProject
Project("{2150E333-8FDC-42A3-9474-1A3956D46DE8}") = "Backend", "Backend", "{57A92366-397D-45CA-B8D5-FC8F38EFFCF9}"
EndProject
Project("{2150E333-8FDC-42A3-9474-1A3956D46DE8}") = "Platforms", "Platforms", "{26455D2B-5E3A-4ABB-B3CD-9A4B78E799D2}"
EndProject
Project("{2150E333-8FDC-42A3-9474-1A3956D46DE8}") = "Tests", "Tests", "{42F8125E-D953-478C-806A-B2AEBE4E291E}"
EndProject
Project("{9A19103F-16F7-4668-BE54-9A1E7A4F7556}") = "UnoPlatformApp.DataContracts", "UnoPlatformApp.DataContracts\UnoPlatformApp.DataContracts.csproj", "{B54520F4-265C-4165-953B-06536E6DCC8D}"
EndProject
Project("{9A19103F-16F7-4668-BE54-9A1E7A4F7556}") = "UnoPlatformApp", "UnoPlatformApp\UnoPlatformApp.csproj", "{020833CB-7488-4CB8-9891-D87C6C84E9F5}"
EndProject
Project("{9A19103F-16F7-4668-BE54-9A1E7A4F7556}") = "UnoPlatformApp.Tests", "UnoPlatformApp.Tests\UnoPlatformApp.Tests.csproj", "{582EB36A-CB25-44AF-A2FB-678BD6568A7B}"
EndProject
Project("{9A19103F-16F7-4668-BE54-9A1E7A4F7556}") = "UnoPlatformApp.UITests", "UnoPlatformApp.UITests\UnoPlatformApp.UITests.csproj", "{F6CBF4F5-8514-44DC-B83F-C5D665CB6CE3}"
EndProject
Project("{9A19103F-16F7-4668-BE54-9A1E7A4F7556}") = "UnoPlatformApp.Shared", "UnoPlatformApp.Shared\UnoPlatformApp.Shared.csproj", "{6472E7A5-6A55-417E-ABDA-881A2C568643}"
EndProject
Project("{9A19103F-16F7-4668-BE54-9A1E7A4F7556}") = "UnoPlatformApp.Mobile", "UnoPlatformApp.Mobile\UnoPlatformApp.Mobile.csproj", "{56A511C2-5E70-4AB5-BC83-969FC7B1ACFA}"
EndProject
Project("{9A19103F-16F7-4668-BE54-9A1E7A4F7556}") = "UnoPlatformApp.Windows", "UnoPlatformApp.Windows\UnoPlatformApp.Windows.csproj", "{B3D70B61-9217-4A3C-ACE8-2DD1DF7AEA4D}"
EndProject
Project("{9A19103F-16F7-4668-BE54-9A1E7A4F7556}") = "UnoPlatformApp.Wasm", "UnoPlatformApp.Wasm\UnoPlatformApp.Wasm.csproj", "{6A301964-0543-4E35-9F6B-9A1F45B7B9D2}"
EndProject
Project("{9A19103F-16F7-4668-BE54-9A1E7A4F7556}") = "UnoPlatformApp.Skia.Gtk", "UnoPlatformApp.Skia.Gtk\UnoPlatformApp.Skia.Gtk.csproj", "{63171CF1-ECD3-4CD8-8856-44EF50164052}"
EndProject
Project("{9A19103F-16F7-4668-BE54-9A1E7A4F7556}") = "UnoPlatformApp.Server", "UnoPlatformApp.Server\UnoPlatformApp.Server.csproj", "{5F0A2393-644C-4C5F-BD0E-4A7D1B06E922}"
EndProject
Project("{2150E333-8FDC-42A3-9474-1A3956D46DE8}") = "Solution Items", "Solution Items", "{71E2D1E4-037A-4CDD-8FB8-EE6C4D4D30A6}"
	ProjectSection(SolutionItems) = preProject
		.gitignore = .gitignore
		Directory.Build.props = Directory.Build.props
		Directory.Build.targets = Directory.Build.targets
		Directory.Packages.props = Directory.Packages.props
		solution-config.props.sample = solution-config.props.sample
	EndProjectSection
EndProject
Global
	GlobalSection(SolutionConfigurationPlatforms) = preSolution
		Debug|Any CPU = Debug|Any CPU
		Debug|arm64 = Debug|arm64
		Debug|x64 = Debug|x64
		Debug|x86 = Debug|x86
		Release|Any CPU = Release|Any CPU
		Release|arm64 = Release|arm64
		Release|x64 = Release|x64
		Release|x86 = Release|x86
	EndGlobalSection
	GlobalSection(ProjectConfigurationPlatforms) = postSolution
		{B54520F4-265C-4165-953B-06536E6DCC8D}.Debug|Any CPU.ActiveCfg = Debug|Any CPU
		{B54520F4-265C-4165-953B-06536E6DCC8D}.Debug|Any CPU.Build.0 = Debug|Any CPU
		{B54520F4-265C-4165-953B-06536E6DCC8D}.Debug|arm64.ActiveCfg = Debug|Any CPU
		{B54520F4-265C-4165-953B-06536E6DCC8D}.Debug|arm64.Build.0 = Debug|Any CPU
		{B54520F4-265C-4165-953B-06536E6DCC8D}.Debug|x64.ActiveCfg = Debug|Any CPU
		{B54520F4-265C-4165-953B-06536E6DCC8D}.Debug|x64.Build.0 = Debug|Any CPU
		{B54520F4-265C-4165-953B-06536E6DCC8D}.Debug|x86.ActiveCfg = Debug|Any CPU
		{B54520F4-265C-4165-953B-06536E6DCC8D}.Debug|x86.Build.0 = Debug|Any CPU
		{B54520F4-265C-4165-953B-06536E6DCC8D}.Release|Any CPU.ActiveCfg = Release|Any CPU
		{B54520F4-265C-4165-953B-06536E6DCC8D}.Release|Any CPU.Build.0 = Release|Any CPU
		{B54520F4-265C-4165-953B-06536E6DCC8D}.Release|arm64.ActiveCfg = Release|Any CPU
		{B54520F4-265C-4165-953B-06536E6DCC8D}.Release|arm64.Build.0 = Release|Any CPU
		{B54520F4-265C-4165-953B-06536E6DCC8D}.Release|x64.ActiveCfg = Release|Any CPU
		{B54520F4-265C-4165-953B-06536E6DCC8D}.Release|x64.Build.0 = Release|Any CPU
		{B54520F4-265C-4165-953B-06536E6DCC8D}.Release|x86.ActiveCfg = Release|Any CPU
		{B54520F4-265C-4165-953B-06536E6DCC8D}.Release|x86.Build.0 = Release|Any CPU
		{020833CB-7488-4CB8-9891-D87C6C84E9F5}.Debug|Any CPU.ActiveCfg = Debug|Any CPU
		{020833CB-7488-4CB8-9891-D87C6C84E9F5}.Debug|Any CPU.Build.0 = Debug|Any CPU
		{020833CB-7488-4CB8-9891-D87C6C84E9F5}.Debug|arm64.ActiveCfg = Debug|Any CPU
		{020833CB-7488-4CB8-9891-D87C6C84E9F5}.Debug|arm64.Build.0 = Debug|Any CPU
		{020833CB-7488-4CB8-9891-D87C6C84E9F5}.Debug|x64.ActiveCfg = Debug|Any CPU
		{020833CB-7488-4CB8-9891-D87C6C84E9F5}.Debug|x64.Build.0 = Debug|Any CPU
		{020833CB-7488-4CB8-9891-D87C6C84E9F5}.Debug|x86.ActiveCfg = Debug|Any CPU
		{020833CB-7488-4CB8-9891-D87C6C84E9F5}.Debug|x86.Build.0 = Debug|Any CPU
		{020833CB-7488-4CB8-9891-D87C6C84E9F5}.Release|Any CPU.ActiveCfg = Release|Any CPU
		{020833CB-7488-4CB8-9891-D87C6C84E9F5}.Release|Any CPU.Build.0 = Release|Any CPU
		{020833CB-7488-4CB8-9891-D87C6C84E9F5}.Release|arm64.ActiveCfg = Release|Any CPU
		{020833CB-7488-4CB8-9891-D87C6C84E9F5}.Release|arm64.Build.0 = Release|Any CPU
		{020833CB-7488-4CB8-9891-D87C6C84E9F5}.Release|x64.ActiveCfg = Release|Any CPU
		{020833CB-7488-4CB8-9891-D87C6C84E9F5}.Release|x64.Build.0 = Release|Any CPU
		{020833CB-7488-4CB8-9891-D87C6C84E9F5}.Release|x86.ActiveCfg = Release|Any CPU
		{020833CB-7488-4CB8-9891-D87C6C84E9F5}.Release|x86.Build.0 = Release|Any CPU
		{582EB36A-CB25-44AF-A2FB-678BD6568A7B}.Debug|Any CPU.ActiveCfg = Debug|Any CPU
		{582EB36A-CB25-44AF-A2FB-678BD6568A7B}.Debug|Any CPU.Build.0 = Debug|Any CPU
		{582EB36A-CB25-44AF-A2FB-678BD6568A7B}.Debug|arm64.ActiveCfg = Debug|Any CPU
		{582EB36A-CB25-44AF-A2FB-678BD6568A7B}.Debug|arm64.Build.0 = Debug|Any CPU
		{582EB36A-CB25-44AF-A2FB-678BD6568A7B}.Debug|x64.ActiveCfg = Debug|Any CPU
		{582EB36A-CB25-44AF-A2FB-678BD6568A7B}.Debug|x64.Build.0 = Debug|Any CPU
		{582EB36A-CB25-44AF-A2FB-678BD6568A7B}.Debug|x86.ActiveCfg = Debug|Any CPU
		{582EB36A-CB25-44AF-A2FB-678BD6568A7B}.Debug|x86.Build.0 = Debug|Any CPU
		{582EB36A-CB25-44AF-A2FB-678BD6568A7B}.Release|Any CPU.ActiveCfg = Release|Any CPU
		{582EB36A-CB25-44AF-A2FB-678BD6568A7B}.Release|Any CPU.Build.0 = Release|Any CPU
		{582EB36A-CB25-44AF-A2FB-678BD6568A7B}.Release|arm64.ActiveCfg = Release|Any CPU
		{582EB36A-CB25-44AF-A2FB-678BD6568A7B}.Release|arm64.Build.0 = Release|Any CPU
		{582EB36A-CB25-44AF-A2FB-678BD6568A7B}.Release|x64.ActiveCfg = Release|Any CPU
		{582EB36A-CB25-44AF-A2FB-678BD6568A7B}.Release|x64.Build.0 = Release|Any CPU
		{582EB36A-CB25-44AF-A2FB-678BD6568A7B}.Release|x86.ActiveCfg = Release|Any CPU
		{582EB36A-CB25-44AF-A2FB-678BD6568A7B}.Release|x86.Build.0 = Release|Any CPU
		{F6CBF4F5-8514-44DC-B83F-C5D665CB6CE3}.Debug|Any CPU.ActiveCfg = Debug|Any CPU
		{F6CBF4F5-8514-44DC-B83F-C5D665CB6CE3}.Debug|Any CPU.Build.0 = Debug|Any CPU
		{F6CBF4F5-8514-44DC-B83F-C5D665CB6CE3}.Debug|arm64.ActiveCfg = Debug|Any CPU
		{F6CBF4F5-8514-44DC-B83F-C5D665CB6CE3}.Debug|arm64.Build.0 = Debug|Any CPU
		{F6CBF4F5-8514-44DC-B83F-C5D665CB6CE3}.Debug|x64.ActiveCfg = Debug|Any CPU
		{F6CBF4F5-8514-44DC-B83F-C5D665CB6CE3}.Debug|x64.Build.0 = Debug|Any CPU
		{F6CBF4F5-8514-44DC-B83F-C5D665CB6CE3}.Debug|x86.ActiveCfg = Debug|Any CPU
		{F6CBF4F5-8514-44DC-B83F-C5D665CB6CE3}.Debug|x86.Build.0 = Debug|Any CPU
		{F6CBF4F5-8514-44DC-B83F-C5D665CB6CE3}.Release|Any CPU.ActiveCfg = Release|Any CPU
		{F6CBF4F5-8514-44DC-B83F-C5D665CB6CE3}.Release|Any CPU.Build.0 = Release|Any CPU
		{F6CBF4F5-8514-44DC-B83F-C5D665CB6CE3}.Release|arm64.ActiveCfg = Release|Any CPU
		{F6CBF4F5-8514-44DC-B83F-C5D665CB6CE3}.Release|arm64.Build.0 = Release|Any CPU
		{F6CBF4F5-8514-44DC-B83F-C5D665CB6CE3}.Release|x64.ActiveCfg = Release|Any CPU
		{F6CBF4F5-8514-44DC-B83F-C5D665CB6CE3}.Release|x64.Build.0 = Release|Any CPU
		{F6CBF4F5-8514-44DC-B83F-C5D665CB6CE3}.Release|x86.ActiveCfg = Release|Any CPU
		{F6CBF4F5-8514-44DC-B83F-C5D665CB6CE3}.Release|x86.Build.0 = Release|Any CPU
		{6472E7A5-6A55-417E-ABDA-881A2C568643}.Debug|Any CPU.ActiveCfg = Debug|Any CPU
		{6472E7A5-6A55-417E-ABDA-881A2C568643}.Debug|Any CPU.Build.0 = Debug|Any CPU
		{6472E7A5-6A55-417E-ABDA-881A2C568643}.Debug|arm64.ActiveCfg = Debug|Any CPU
		{6472E7A5-6A55-417E-ABDA-881A2C568643}.Debug|arm64.Build.0 = Debug|Any CPU
		{6472E7A5-6A55-417E-ABDA-881A2C568643}.Debug|x64.ActiveCfg = Debug|Any CPU
		{6472E7A5-6A55-417E-ABDA-881A2C568643}.Debug|x64.Build.0 = Debug|Any CPU
		{6472E7A5-6A55-417E-ABDA-881A2C568643}.Debug|x86.ActiveCfg = Debug|Any CPU
		{6472E7A5-6A55-417E-ABDA-881A2C568643}.Debug|x86.Build.0 = Debug|Any CPU
		{6472E7A5-6A55-417E-ABDA-881A2C568643}.Release|Any CPU.ActiveCfg = Release|Any CPU
		{6472E7A5-6A55-417E-ABDA-881A2C568643}.Release|Any CPU.Build.0 = Release|Any CPU
		{6472E7A5-6A55-417E-ABDA-881A2C568643}.Release|arm64.ActiveCfg = Release|Any CPU
		{6472E7A5-6A55-417E-ABDA-881A2C568643}.Release|arm64.Build.0 = Release|Any CPU
		{6472E7A5-6A55-417E-ABDA-881A2C568643}.Release|x64.ActiveCfg = Release|Any CPU
		{6472E7A5-6A55-417E-ABDA-881A2C568643}.Release|x64.Build.0 = Release|Any CPU
		{6472E7A5-6A55-417E-ABDA-881A2C568643}.Release|x86.ActiveCfg = Release|Any CPU
		{6472E7A5-6A55-417E-ABDA-881A2C568643}.Release|x86.Build.0 = Release|Any CPU
		{56A511C2-5E70-4AB5-BC83-969FC7B1ACFA}.Debug|Any CPU.ActiveCfg = Debug|Any CPU
		{56A511C2-5E70-4AB5-BC83-969FC7B1ACFA}.Debug|Any CPU.Build.0 = Debug|Any CPU
		{56A511C2-5E70-4AB5-BC83-969FC7B1ACFA}.Debug|Any CPU.Deploy.0 = Debug|Any CPU
		{56A511C2-5E70-4AB5-BC83-969FC7B1ACFA}.Debug|arm64.ActiveCfg = Debug|Any CPU
		{56A511C2-5E70-4AB5-BC83-969FC7B1ACFA}.Debug|arm64.Build.0 = Debug|Any CPU
		{56A511C2-5E70-4AB5-BC83-969FC7B1ACFA}.Debug|arm64.Deploy.0 = Debug|Any CPU
		{56A511C2-5E70-4AB5-BC83-969FC7B1ACFA}.Debug|x64.ActiveCfg = Debug|Any CPU
		{56A511C2-5E70-4AB5-BC83-969FC7B1ACFA}.Debug|x64.Build.0 = Debug|Any CPU
		{56A511C2-5E70-4AB5-BC83-969FC7B1ACFA}.Debug|x64.Deploy.0 = Debug|Any CPU
		{56A511C2-5E70-4AB5-BC83-969FC7B1ACFA}.Debug|x86.ActiveCfg = Debug|Any CPU
		{56A511C2-5E70-4AB5-BC83-969FC7B1ACFA}.Debug|x86.Build.0 = Debug|Any CPU
		{56A511C2-5E70-4AB5-BC83-969FC7B1ACFA}.Debug|x86.Deploy.0 = Debug|Any CPU
		{56A511C2-5E70-4AB5-BC83-969FC7B1ACFA}.Release|Any CPU.ActiveCfg = Release|Any CPU
		{56A511C2-5E70-4AB5-BC83-969FC7B1ACFA}.Release|Any CPU.Build.0 = Release|Any CPU
		{56A511C2-5E70-4AB5-BC83-969FC7B1ACFA}.Release|Any CPU.Deploy.0 = Release|Any CPU
		{56A511C2-5E70-4AB5-BC83-969FC7B1ACFA}.Release|arm64.ActiveCfg = Release|Any CPU
		{56A511C2-5E70-4AB5-BC83-969FC7B1ACFA}.Release|arm64.Build.0 = Release|Any CPU
		{56A511C2-5E70-4AB5-BC83-969FC7B1ACFA}.Release|arm64.Deploy.0 = Release|Any CPU
		{56A511C2-5E70-4AB5-BC83-969FC7B1ACFA}.Release|x64.ActiveCfg = Release|Any CPU
		{56A511C2-5E70-4AB5-BC83-969FC7B1ACFA}.Release|x64.Build.0 = Release|Any CPU
		{56A511C2-5E70-4AB5-BC83-969FC7B1ACFA}.Release|x64.Deploy.0 = Release|Any CPU
		{56A511C2-5E70-4AB5-BC83-969FC7B1ACFA}.Release|x86.ActiveCfg = Release|Any CPU
		{56A511C2-5E70-4AB5-BC83-969FC7B1ACFA}.Release|x86.Build.0 = Release|Any CPU
		{56A511C2-5E70-4AB5-BC83-969FC7B1ACFA}.Release|x86.Deploy.0 = Release|Any CPU
		{B3D70B61-9217-4A3C-ACE8-2DD1DF7AEA4D}.Debug|Any CPU.ActiveCfg = Debug|x64
		{B3D70B61-9217-4A3C-ACE8-2DD1DF7AEA4D}.Debug|Any CPU.Build.0 = Debug|x64
		{B3D70B61-9217-4A3C-ACE8-2DD1DF7AEA4D}.Debug|Any CPU.Deploy.0 = Debug|x64
		{B3D70B61-9217-4A3C-ACE8-2DD1DF7AEA4D}.Debug|arm64.ActiveCfg = Debug|arm64
		{B3D70B61-9217-4A3C-ACE8-2DD1DF7AEA4D}.Debug|arm64.Build.0 = Debug|arm64
		{B3D70B61-9217-4A3C-ACE8-2DD1DF7AEA4D}.Debug|arm64.Deploy.0 = Debug|arm64
		{B3D70B61-9217-4A3C-ACE8-2DD1DF7AEA4D}.Debug|x64.ActiveCfg = Debug|x64
		{B3D70B61-9217-4A3C-ACE8-2DD1DF7AEA4D}.Debug|x64.Build.0 = Debug|x64
		{B3D70B61-9217-4A3C-ACE8-2DD1DF7AEA4D}.Debug|x64.Deploy.0 = Debug|x64
		{B3D70B61-9217-4A3C-ACE8-2DD1DF7AEA4D}.Debug|x86.ActiveCfg = Debug|x86
		{B3D70B61-9217-4A3C-ACE8-2DD1DF7AEA4D}.Debug|x86.Build.0 = Debug|x86
		{B3D70B61-9217-4A3C-ACE8-2DD1DF7AEA4D}.Debug|x86.Deploy.0 = Debug|x86
		{B3D70B61-9217-4A3C-ACE8-2DD1DF7AEA4D}.Release|Any CPU.ActiveCfg = Release|x64
		{B3D70B61-9217-4A3C-ACE8-2DD1DF7AEA4D}.Release|Any CPU.Build.0 = Release|x64
		{B3D70B61-9217-4A3C-ACE8-2DD1DF7AEA4D}.Release|Any CPU.Deploy.0 = Release|x64
		{B3D70B61-9217-4A3C-ACE8-2DD1DF7AEA4D}.Release|arm64.ActiveCfg = Release|arm64
		{B3D70B61-9217-4A3C-ACE8-2DD1DF7AEA4D}.Release|arm64.Build.0 = Release|arm64
		{B3D70B61-9217-4A3C-ACE8-2DD1DF7AEA4D}.Release|arm64.Deploy.0 = Release|arm64
		{B3D70B61-9217-4A3C-ACE8-2DD1DF7AEA4D}.Release|x64.ActiveCfg = Release|x64
		{B3D70B61-9217-4A3C-ACE8-2DD1DF7AEA4D}.Release|x64.Build.0 = Release|x64
		{B3D70B61-9217-4A3C-ACE8-2DD1DF7AEA4D}.Release|x64.Deploy.0 = Release|x64
		{B3D70B61-9217-4A3C-ACE8-2DD1DF7AEA4D}.Release|x86.ActiveCfg = Release|x86
		{B3D70B61-9217-4A3C-ACE8-2DD1DF7AEA4D}.Release|x86.Build.0 = Release|x86
		{B3D70B61-9217-4A3C-ACE8-2DD1DF7AEA4D}.Release|x86.Deploy.0 = Release|x86
		{6A301964-0543-4E35-9F6B-9A1F45B7B9D2}.Debug|Any CPU.ActiveCfg = Debug|Any CPU
		{6A301964-0543-4E35-9F6B-9A1F45B7B9D2}.Debug|Any CPU.Build.0 = Debug|Any CPU
		{6A301964-0543-4E35-9F6B-9A1F45B7B9D2}.Debug|arm64.ActiveCfg = Debug|Any CPU
		{6A301964-0543-4E35-9F6B-9A1F45B7B9D2}.Debug|arm64.Build.0 = Debug|Any CPU
		{6A301964-0543-4E35-9F6B-9A1F45B7B9D2}.Debug|x64.ActiveCfg = Debug|Any CPU
		{6A301964-0543-4E35-9F6B-9A1F45B7B9D2}.Debug|x64.Build.0 = Debug|Any CPU
		{6A301964-0543-4E35-9F6B-9A1F45B7B9D2}.Debug|x86.ActiveCfg = Debug|Any CPU
		{6A301964-0543-4E35-9F6B-9A1F45B7B9D2}.Debug|x86.Build.0 = Debug|Any CPU
		{6A301964-0543-4E35-9F6B-9A1F45B7B9D2}.Release|Any CPU.ActiveCfg = Release|Any CPU
		{6A301964-0543-4E35-9F6B-9A1F45B7B9D2}.Release|Any CPU.Build.0 = Release|Any CPU
		{6A301964-0543-4E35-9F6B-9A1F45B7B9D2}.Release|arm64.ActiveCfg = Release|Any CPU
		{6A301964-0543-4E35-9F6B-9A1F45B7B9D2}.Release|arm64.Build.0 = Release|Any CPU
		{6A301964-0543-4E35-9F6B-9A1F45B7B9D2}.Release|x64.ActiveCfg = Release|Any CPU
		{6A301964-0543-4E35-9F6B-9A1F45B7B9D2}.Release|x64.Build.0 = Release|Any CPU
		{6A301964-0543-4E35-9F6B-9A1F45B7B9D2}.Release|x86.ActiveCfg = Release|Any CPU
		{6A301964-0543-4E35-9F6B-9A1F45B7B9D2}.Release|x86.Build.0 = Release|Any CPU
		{63171CF1-ECD3-4CD8-8856-44EF50164052}.Debug|Any CPU.ActiveCfg = Debug|Any CPU
		{63171CF1-ECD3-4CD8-8856-44EF50164052}.Debug|Any CPU.Build.0 = Debug|Any CPU
		{63171CF1-ECD3-4CD8-8856-44EF50164052}.Debug|arm64.ActiveCfg = Debug|Any CPU
		{63171CF1-ECD3-4CD8-8856-44EF50164052}.Debug|arm64.Build.0 = Debug|Any CPU
		{63171CF1-ECD3-4CD8-8856-44EF50164052}.Debug|x64.ActiveCfg = Debug|Any CPU
		{63171CF1-ECD3-4CD8-8856-44EF50164052}.Debug|x64.Build.0 = Debug|Any CPU
		{63171CF1-ECD3-4CD8-8856-44EF50164052}.Debug|x86.ActiveCfg = Debug|Any CPU
		{63171CF1-ECD3-4CD8-8856-44EF50164052}.Debug|x86.Build.0 = Debug|Any CPU
		{63171CF1-ECD3-4CD8-8856-44EF50164052}.Release|Any CPU.ActiveCfg = Release|Any CPU
		{63171CF1-ECD3-4CD8-8856-44EF50164052}.Release|Any CPU.Build.0 = Release|Any CPU
		{63171CF1-ECD3-4CD8-8856-44EF50164052}.Release|arm64.ActiveCfg = Release|Any CPU
		{63171CF1-ECD3-4CD8-8856-44EF50164052}.Release|arm64.Build.0 = Release|Any CPU
		{63171CF1-ECD3-4CD8-8856-44EF50164052}.Release|x64.ActiveCfg = Release|Any CPU
		{63171CF1-ECD3-4CD8-8856-44EF50164052}.Release|x64.Build.0 = Release|Any CPU
		{63171CF1-ECD3-4CD8-8856-44EF50164052}.Release|x86.ActiveCfg = Release|Any CPU
		{63171CF1-ECD3-4CD8-8856-44EF50164052}.Release|x86.Build.0 = Release|Any CPU
		{5F0A2393-644C-4C5F-BD0E-4A7D1B06E922}.Debug|Any CPU.ActiveCfg = Debug|Any CPU
		{5F0A2393-644C-4C5F-BD0E-4A7D1B06E922}.Debug|Any CPU.Build.0 = Debug|Any CPU
		{5F0A2393-644C-4C5F-BD0E-4A7D1B06E922}.Debug|arm64.ActiveCfg = Debug|Any CPU
		{5F0A2393-644C-4C5F-BD0E-4A7D1B06E922}.Debug|arm64.Build.0 = Debug|Any CPU
		{5F0A2393-644C-4C5F-BD0E-4A7D1B06E922}.Debug|x64.ActiveCfg = Debug|Any CPU
		{5F0A2393-644C-4C5F-BD0E-4A7D1B06E922}.Debug|x64.Build.0 = Debug|Any CPU
		{5F0A2393-644C-4C5F-BD0E-4A7D1B06E922}.Debug|x86.ActiveCfg = Debug|Any CPU
		{5F0A2393-644C-4C5F-BD0E-4A7D1B06E922}.Debug|x86.Build.0 = Debug|Any CPU
		{5F0A2393-644C-4C5F-BD0E-4A7D1B06E922}.Release|Any CPU.ActiveCfg = Release|Any CPU
		{5F0A2393-644C-4C5F-BD0E-4A7D1B06E922}.Release|Any CPU.Build.0 = Release|Any CPU
		{5F0A2393-644C-4C5F-BD0E-4A7D1B06E922}.Release|arm64.ActiveCfg = Release|Any CPU
		{5F0A2393-644C-4C5F-BD0E-4A7D1B06E922}.Release|arm64.Build.0 = Release|Any CPU
		{5F0A2393-644C-4C5F-BD0E-4A7D1B06E922}.Release|x64.ActiveCfg = Release|Any CPU
		{5F0A2393-644C-4C5F-BD0E-4A7D1B06E922}.Release|x64.Build.0 = Release|Any CPU
		{5F0A2393-644C-4C5F-BD0E-4A7D1B06E922}.Release|x86.ActiveCfg = Release|Any CPU
		{5F0A2393-644C-4C5F-BD0E-4A7D1B06E922}.Release|x86.Build.0 = Release|Any CPU
	EndGlobalSection
	GlobalSection(SolutionProperties) = preSolution
		HideSolutionNode = FALSE
	EndGlobalSection
	GlobalSection(NestedProjects) = preSolution
		{57A92366-397D-45CA-B8D5-FC8F38EFFCF9} = {2AE78F90-D3B9-4D2D-9C4F-2C358E40C84C}
		{26455D2B-5E3A-4ABB-B3CD-9A4B78E799D2} = {2AE78F90-D3B9-4D2D-9C4F-2C358E40C84C}
		{B54520F4-265C-4165-953B-06536E6DCC8D} = {2AE78F90-D3B9-4D2D-9C4F-2C358E40C84C}
		{020833CB-7488-4CB8-9891-D87C6C84E9F5} = {2AE78F90-D3B9-4D2D-9C4F-2C358E40C84C}
		{582EB36A-CB25-44AF-A2FB-678BD6568A7B} = {42F8125E-D953-478C-806A-B2AEBE4E291E}
		{F6CBF4F5-8514-44DC-B83F-C5D665CB6CE3} = {42F8125E-D953-478C-806A-B2AEBE4E291E}
		{6472E7A5-6A55-417E-ABDA-881A2C568643} = {26455D2B-5E3A-4ABB-B3CD-9A4B78E799D2}
		{56A511C2-5E70-4AB5-BC83-969FC7B1ACFA} = {26455D2B-5E3A-4ABB-B3CD-9A4B78E799D2}
		{B3D70B61-9217-4A3C-ACE8-2DD1DF7AEA4D} = {26455D2B-5E3A-4ABB-B3CD-9A4B78E799D2}
		{6A301964-0543-4E35-9F6B-9A1F45B7B9D2} = {26455D2B-5E3A-4ABB-B3CD-9A4B78E799D2}
		{63171CF1-ECD3-4CD8-8856-44EF50164052} = {26455D2B-5E3A-4ABB-B3CD-9A4B78E799D2}
		{5F0A2393-644C-4C5F-BD0E-4A7D1B06E922} = {57A92366-397D-45CA-B8D5-FC8F38EFFCF9}
	EndGlobalSection
	GlobalSection(ExtensibilityGlobals) = postSolution
		SolutionGuid = {3511860F-DBA3-4FE2-A62F-E7AA8F7B29CF}
	EndGlobalSection
EndGlobal
