
Microsoft Visual Studio Solution File, Format Version 12.00
# Visual Studio Version 17
VisualStudioVersion = 17.8.34316.72
MinimumVisualStudioVersion = 10.0.40219.1
Project("{FAE04EC0-301F-11D3-BF4B-00C04F79EFBC}") = "VehicleManagement", "VehicleManagement.csproj", "{34A24B65-8E9E-4322-96C4-84D4A129B7FF}"
EndProject
Global
	GlobalSection(SolutionConfigurationPlatforms) = preSolution
		Debug|Any CPU = Debug|Any CPU
		Release|Any CPU = Release|Any CPU
	EndGlobalSection
	GlobalSection(ProjectConfigurationPlatforms) = postSolution
		{34A24B65-8E9E-4322-96C4-84D4A129B7FF}.Debug|Any CPU.ActiveCfg = Debug|Any CPU
		{34A24B65-8E9E-4322-96C4-84D4A129B7FF}.Debug|Any CPU.Build.0 = Debug|Any CPU
		{34A24B65-8E9E-4322-96C4-84D4A129B7FF}.Release|Any CPU.ActiveCfg = Release|Any CPU
		{34A24B65-8E9E-4322-96C4-84D4A129B7FF}.Release|Any CPU.Build.0 = Release|Any CPU
	EndGlobalSection
	GlobalSection(SolutionProperties) = preSolution
		HideSolutionNode = FALSE
	EndGlobalSection
	GlobalSection(ExtensibilityGlobals) = postSolution
		SolutionGuid = {C0AC0CDD-5195-4D47-A55E-6EF7113D93B0}
	EndGlobalSection
EndGlobal
